
Microsoft Visual Studio Solution File, Format Version 12.00
# Visual Studio Version 17
VisualStudioVersion = 17.2.32519.379
MinimumVisualStudioVersion = 10.0.40219.1
Project("{FAE04EC0-301F-11D3-BF4B-00C04F79EFBC}") = "HotelsAPI", "HotelsAPI\HotelsAPI.csproj", "{4951B315-E3DE-423A-B3A1-F3C32D0F9B25}"
EndProject
Project("{FAE04EC0-301F-11D3-BF4B-00C04F79EFBC}") = "HotelsAPITests", "HotelsAPITests\HotelsAPITests.csproj", "{E31CE5E7-E805-4E5B-B0BC-5E5C1E3E2523}"
EndProject
Global
	GlobalSection(SolutionConfigurationPlatforms) = preSolution
		Debug|Any CPU = Debug|Any CPU
		Release|Any CPU = Release|Any CPU
	EndGlobalSection
	GlobalSection(ProjectConfigurationPlatforms) = postSolution
		{4951B315-E3DE-423A-B3A1-F3C32D0F9B25}.Debug|Any CPU.ActiveCfg = Debug|Any CPU
		{4951B315-E3DE-423A-B3A1-F3C32D0F9B25}.Debug|Any CPU.Build.0 = Debug|Any CPU
		{4951B315-E3DE-423A-B3A1-F3C32D0F9B25}.Release|Any CPU.ActiveCfg = Release|Any CPU
		{4951B315-E3DE-423A-B3A1-F3C32D0F9B25}.Release|Any CPU.Build.0 = Release|Any CPU
		{E31CE5E7-E805-4E5B-B0BC-5E5C1E3E2523}.Debug|Any CPU.ActiveCfg = Debug|Any CPU
		{E31CE5E7-E805-4E5B-B0BC-5E5C1E3E2523}.Debug|Any CPU.Build.0 = Debug|Any CPU
		{E31CE5E7-E805-4E5B-B0BC-5E5C1E3E2523}.Release|Any CPU.ActiveCfg = Release|Any CPU
		{E31CE5E7-E805-4E5B-B0BC-5E5C1E3E2523}.Release|Any CPU.Build.0 = Release|Any CPU
	EndGlobalSection
	GlobalSection(SolutionProperties) = preSolution
		HideSolutionNode = FALSE
	EndGlobalSection
	GlobalSection(ExtensibilityGlobals) = postSolution
		SolutionGuid = {862DA55E-28E9-4D4E-ADA7-016C235538D6}
	EndGlobalSection
EndGlobal
